
Microsoft Visual Studio Solution File, Format Version 12.00
# Visual Studio 15
VisualStudioVersion = 15.0.26124.0
MinimumVisualStudioVersion = 15.0.26124.0
Project("{FAE04EC0-301F-11D3-BF4B-00C04F79EFBC}") = "API", "API\API.csproj", "{21EF0E5E-5547-4A08-9FB7-83ED10E6AFAA}"
EndProject
Project("{FAE04EC0-301F-11D3-BF4B-00C04F79EFBC}") = "Core", "Core\Core.csproj", "{317EAAC7-24AC-407C-9D22-D3A6E88E03CF}"
EndProject
Project("{FAE04EC0-301F-11D3-BF4B-00C04F79EFBC}") = "Infrastructure", "Infrastructure\Infrastructure.csproj", "{127ACF42-CE78-4C88-ABD0-48F23CBFA4E2}"
EndProject
Global
	GlobalSection(SolutionConfigurationPlatforms) = preSolution
		Debug|Any CPU = Debug|Any CPU
		Debug|x64 = Debug|x64
		Debug|x86 = Debug|x86
		Release|Any CPU = Release|Any CPU
		Release|x64 = Release|x64
		Release|x86 = Release|x86
	EndGlobalSection
	GlobalSection(SolutionProperties) = preSolution
		HideSolutionNode = FALSE
	EndGlobalSection
	GlobalSection(ProjectConfigurationPlatforms) = postSolution
		{21EF0E5E-5547-4A08-9FB7-83ED10E6AFAA}.Debug|Any CPU.ActiveCfg = Debug|Any CPU
		{21EF0E5E-5547-4A08-9FB7-83ED10E6AFAA}.Debug|Any CPU.Build.0 = Debug|Any CPU
		{21EF0E5E-5547-4A08-9FB7-83ED10E6AFAA}.Debug|x64.ActiveCfg = Debug|Any CPU
		{21EF0E5E-5547-4A08-9FB7-83ED10E6AFAA}.Debug|x64.Build.0 = Debug|Any CPU
		{21EF0E5E-5547-4A08-9FB7-83ED10E6AFAA}.Debug|x86.ActiveCfg = Debug|Any CPU
		{21EF0E5E-5547-4A08-9FB7-83ED10E6AFAA}.Debug|x86.Build.0 = Debug|Any CPU
		{21EF0E5E-5547-4A08-9FB7-83ED10E6AFAA}.Release|Any CPU.ActiveCfg = Release|Any CPU
		{21EF0E5E-5547-4A08-9FB7-83ED10E6AFAA}.Release|Any CPU.Build.0 = Release|Any CPU
		{21EF0E5E-5547-4A08-9FB7-83ED10E6AFAA}.Release|x64.ActiveCfg = Release|Any CPU
		{21EF0E5E-5547-4A08-9FB7-83ED10E6AFAA}.Release|x64.Build.0 = Release|Any CPU
		{21EF0E5E-5547-4A08-9FB7-83ED10E6AFAA}.Release|x86.ActiveCfg = Release|Any CPU
		{21EF0E5E-5547-4A08-9FB7-83ED10E6AFAA}.Release|x86.Build.0 = Release|Any CPU
		{317EAAC7-24AC-407C-9D22-D3A6E88E03CF}.Debug|Any CPU.ActiveCfg = Debug|Any CPU
		{317EAAC7-24AC-407C-9D22-D3A6E88E03CF}.Debug|Any CPU.Build.0 = Debug|Any CPU
		{317EAAC7-24AC-407C-9D22-D3A6E88E03CF}.Debug|x64.ActiveCfg = Debug|Any CPU
		{317EAAC7-24AC-407C-9D22-D3A6E88E03CF}.Debug|x64.Build.0 = Debug|Any CPU
		{317EAAC7-24AC-407C-9D22-D3A6E88E03CF}.Debug|x86.ActiveCfg = Debug|Any CPU
		{317EAAC7-24AC-407C-9D22-D3A6E88E03CF}.Debug|x86.Build.0 = Debug|Any CPU
		{317EAAC7-24AC-407C-9D22-D3A6E88E03CF}.Release|Any CPU.ActiveCfg = Release|Any CPU
		{317EAAC7-24AC-407C-9D22-D3A6E88E03CF}.Release|Any CPU.Build.0 = Release|Any CPU
		{317EAAC7-24AC-407C-9D22-D3A6E88E03CF}.Release|x64.ActiveCfg = Release|Any CPU
		{317EAAC7-24AC-407C-9D22-D3A6E88E03CF}.Release|x64.Build.0 = Release|Any CPU
		{317EAAC7-24AC-407C-9D22-D3A6E88E03CF}.Release|x86.ActiveCfg = Release|Any CPU
		{317EAAC7-24AC-407C-9D22-D3A6E88E03CF}.Release|x86.Build.0 = Release|Any CPU
		{127ACF42-CE78-4C88-ABD0-48F23CBFA4E2}.Debug|Any CPU.ActiveCfg = Debug|Any CPU
		{127ACF42-CE78-4C88-ABD0-48F23CBFA4E2}.Debug|Any CPU.Build.0 = Debug|Any CPU
		{127ACF42-CE78-4C88-ABD0-48F23CBFA4E2}.Debug|x64.ActiveCfg = Debug|Any CPU
		{127ACF42-CE78-4C88-ABD0-48F23CBFA4E2}.Debug|x64.Build.0 = Debug|Any CPU
		{127ACF42-CE78-4C88-ABD0-48F23CBFA4E2}.Debug|x86.ActiveCfg = Debug|Any CPU
		{127ACF42-CE78-4C88-ABD0-48F23CBFA4E2}.Debug|x86.Build.0 = Debug|Any CPU
		{127ACF42-CE78-4C88-ABD0-48F23CBFA4E2}.Release|Any CPU.ActiveCfg = Release|Any CPU
		{127ACF42-CE78-4C88-ABD0-48F23CBFA4E2}.Release|Any CPU.Build.0 = Release|Any CPU
		{127ACF42-CE78-4C88-ABD0-48F23CBFA4E2}.Release|x64.ActiveCfg = Release|Any CPU
		{127ACF42-CE78-4C88-ABD0-48F23CBFA4E2}.Release|x64.Build.0 = Release|Any CPU
		{127ACF42-CE78-4C88-ABD0-48F23CBFA4E2}.Release|x86.ActiveCfg = Release|Any CPU
		{127ACF42-CE78-4C88-ABD0-48F23CBFA4E2}.Release|x86.Build.0 = Release|Any CPU
	EndGlobalSection
EndGlobal
